Microsoft Visual Studio Solution File, Format Version 12.00
# Visual Studio Version 17
VisualStudioVersion = 17.5.2.0
MinimumVisualStudioVersion = 10.0.40219.1
Project("{FAE04EC0-301F-11D3-BF4B-00C04F79EFBC}") = "BruteForce", "BruteForce.csproj", "{20A72F40-4CC0-8D49-1AED-03C743EB617A}"
EndProject
Global
	GlobalSection(SolutionConfigurationPlatforms) = preSolution
		Debug|Any CPU = Debug|Any CPU
		Release|Any CPU = Release|Any CPU
	EndGlobalSection
	GlobalSection(ProjectConfigurationPlatforms) = postSolution
		{20A72F40-4CC0-8D49-1AED-03C743EB617A}.Debug|Any CPU.ActiveCfg = Debug|Any CPU
		{20A72F40-4CC0-8D49-1AED-03C743EB617A}.Debug|Any CPU.Build.0 = Debug|Any CPU
		{20A72F40-4CC0-8D49-1AED-03C743EB617A}.Release|Any CPU.ActiveCfg = Release|Any CPU
		{20A72F40-4CC0-8D49-1AED-03C743EB617A}.Release|Any CPU.Build.0 = Release|Any CPU
	EndGlobalSection
	GlobalSection(SolutionProperties) = preSolution
		HideSolutionNode = FALSE
	EndGlobalSection
	GlobalSection(ExtensibilityGlobals) = postSolution
		SolutionGuid = {CD2F2A4D-396C-422C-8BBE-342B87791066}
	EndGlobalSection
EndGlobal
